
Microsoft Visual Studio Solution File, Format Version 12.00
# Visual Studio Version 18
VisualStudioVersion = 18.2.11415.280
MinimumVisualStudioVersion = 10.0.40219.1
Project("{9A19103F-16F7-4668-BE54-9A1E7A4F7556}") = "Krzaq.Specifiable", "Specifiable\Krzaq.Specifiable.csproj", "{40A22971-B16D-45F8-B337-DC8943BF7E88}"
EndProject
Project("{9A19103F-16F7-4668-BE54-9A1E7A4F7556}") = "Krzaq.ReflectionToolbox", "ReflectionToolbox\Krzaq.ReflectionToolbox.csproj", "{3F57B707-58BE-4300-B654-4DC823396F77}"
EndProject
Project("{2150E333-8FDC-42A3-9474-1A3956D46DE8}") = "Extensions", "Extensions", "{29618B3B-FEE0-49BC-9FB9-5BD69C2C9C48}"
EndProject
Project("{9A19103F-16F7-4668-BE54-9A1E7A4F7556}") = "Krzaq.Extensions.String", "Extensions\String\Krzaq.Extensions.String.csproj", "{34716C50-B3C3-48A0-B785-FB37D8D19574}"
EndProject
Project("{9A19103F-16F7-4668-BE54-9A1E7A4F7556}") = "Krzaq.Extensions.ReadOnlyDictionary", "Extensions\ReadOnlyDictionary\Krzaq.Extensions.ReadOnlyDictionary.csproj", "{D9CF06F0-7C09-4FA2-97DE-0AF0EB8AEC6C}"
EndProject
Project("{9A19103F-16F7-4668-BE54-9A1E7A4F7556}") = "Krzaq.Extensions.IEnumerable", "Extensions\IEnumerable\Krzaq.Extensions.IEnumerable.csproj", "{A3578AE4-534D-41BE-9973-EBACEFE08704}"
EndProject
Project("{9A19103F-16F7-4668-BE54-9A1E7A4F7556}") = "Krzaq.Extensions.NullableBoolean", "Extensions\NullableBoolean\Krzaq.Extensions.NullableBoolean.csproj", "{14EDE748-7E14-46AC-8F2C-156FD418B2A2}"
EndProject
Project("{9A19103F-16F7-4668-BE54-9A1E7A4F7556}") = "Krzaq.Extensions.Enum", "Extensions\Enum\Krzaq.Extensions.Enum.csproj", "{727E3715-124C-4180-826D-8CA06F31201A}"
EndProject
Project("{2150E333-8FDC-42A3-9474-1A3956D46DE8}") = "Attributes", "Attributes", "{9D352F61-64B1-448A-885D-BF1721DD2A05}"
EndProject
Project("{9A19103F-16F7-4668-BE54-9A1E7A4F7556}") = "Krzaq.Attributes.EnumParse", "Attributes\EnumParse\Krzaq.Attributes.EnumParse.csproj", "{17C0D85D-FE89-487B-B40E-8CFED1776043}"
EndProject
Project("{9A19103F-16F7-4668-BE54-9A1E7A4F7556}") = "Krzaq.Attributes.EnumToString", "Attributes\EnumToString\Krzaq.Attributes.EnumToString.csproj", "{98BD1DA7-D332-47A0-9BBC-95972C92BCC5}"
EndProject
Project("{2150E333-8FDC-42A3-9474-1A3956D46DE8}") = "Converters", "Converters", "{86E51B74-A272-4D9C-83AB-A3214082AB4E}"
EndProject
Project("{9A19103F-16F7-4668-BE54-9A1E7A4F7556}") = "Krzaq.Converters.EnumToString", "Converters\EnumToString\Krzaq.Converters.EnumToString.csproj", "{77E8851B-FCF1-4268-ABBD-D9685FE867ED}"
EndProject
Project("{9A19103F-16F7-4668-BE54-9A1E7A4F7556}") = "Krzaq.Extensions.INumber", "Extensions\INumber\Krzaq.Extensions.INumber.csproj", "{0E1F7361-0184-45D8-A228-FA909A40307A}"
EndProject
Project("{2150E333-8FDC-42A3-9474-1A3956D46DE8}") = "Common", "Common", "{EB1E7341-4712-45EA-9CD4-4BBB55804470}"
EndProject
Project("{9A19103F-16F7-4668-BE54-9A1E7A4F7556}") = "Krzaq.Common", "Common\Krzaq.Common.csproj", "{5E6ED40C-B1D2-426C-ADC9-0DB30D1955F8}"
EndProject
Project("{9A19103F-16F7-4668-BE54-9A1E7A4F7556}") = "Krzaq.Tests", "Tests\Krzaq.Tests.csproj", "{326892F9-2B84-412F-B87E-12754F331DCD}"
EndProject
Project("{2150E333-8FDC-42A3-9474-1A3956D46DE8}") = "Collections", "Collections", "{02EA681E-C7D8-13C7-8484-4AC65E1B71E8}"
EndProject
Project("{FAE04EC0-301F-11D3-BF4B-00C04F79EFBC}") = "Krzaq.Collections.IReadOnlyTable", "Collections\IReadOnlyTable\Krzaq.Collections.IReadOnlyTable.csproj", "{5F32A571-062A-43E1-BC41-B7D80F5DD4F9}"
EndProject
Project("{FAE04EC0-301F-11D3-BF4B-00C04F79EFBC}") = "Krzaq.Collections.ReadOnlyTable", "Collections\ReadOnlyTable\Krzaq.Collections.ReadOnlyTable.csproj", "{78FE06C8-81A1-4FAE-ABCD-A99ABA3CFB4F}"
EndProject
Project("{FAE04EC0-301F-11D3-BF4B-00C04F79EFBC}") = "Krzaq.Extensions.IReadOnlyTable", "Extensions\IReadOnlyTable\Krzaq.Extensions.IReadOnlyTable.csproj", "{CA7471EA-9521-4139-93B3-EA557BAEF961}"
EndProject
Project("{2150E333-8FDC-42A3-9474-1A3956D46DE8}") = "Errors", "Errors", "{89F12840-F856-49E5-9FD5-6922E59FCE94}"
EndProject
Project("{FAE04EC0-301F-11D3-BF4B-00C04F79EFBC}") = "Krzaq.Errors.Model", "Errors\Model\Krzaq.Errors.Model.csproj", "{4F959D21-1C05-431B-B184-B4EF25ECAC2E}"
EndProject
Project("{2150E333-8FDC-42A3-9474-1A3956D46DE8}") = "Exceptions", "Exceptions", "{A9659C3A-3DD1-497D-A05D-AF30C52D451F}"
EndProject
Project("{FAE04EC0-301F-11D3-BF4B-00C04F79EFBC}") = "Krzaq.Exceptions.Http", "Exceptions\Http\Krzaq.Exceptions.Http.csproj", "{7D05FBAB-022A-4C54-A15E-E9787694BFC2}"
EndProject
Project("{FAE04EC0-301F-11D3-BF4B-00C04F79EFBC}") = "Krzaq.Exceptions.Http.Error", "Exceptions\Http.Error\Krzaq.Exceptions.Http.Error.csproj", "{E71FA738-6516-4653-97BB-37721555A69E}"
EndProject
Global
	GlobalSection(SolutionConfigurationPlatforms) = preSolution
		Debug|Any CPU = Debug|Any CPU
		Release|Any CPU = Release|Any CPU
	EndGlobalSection
	GlobalSection(ProjectConfigurationPlatforms) = postSolution
		{40A22971-B16D-45F8-B337-DC8943BF7E88}.Debug|Any CPU.ActiveCfg = Debug|Any CPU
		{40A22971-B16D-45F8-B337-DC8943BF7E88}.Debug|Any CPU.Build.0 = Debug|Any CPU
		{40A22971-B16D-45F8-B337-DC8943BF7E88}.Release|Any CPU.ActiveCfg = Release|Any CPU
		{40A22971-B16D-45F8-B337-DC8943BF7E88}.Release|Any CPU.Build.0 = Release|Any CPU
		{3F57B707-58BE-4300-B654-4DC823396F77}.Debug|Any CPU.ActiveCfg = Debug|Any CPU
		{3F57B707-58BE-4300-B654-4DC823396F77}.Debug|Any CPU.Build.0 = Debug|Any CPU
		{3F57B707-58BE-4300-B654-4DC823396F77}.Release|Any CPU.ActiveCfg = Release|Any CPU
		{3F57B707-58BE-4300-B654-4DC823396F77}.Release|Any CPU.Build.0 = Release|Any CPU
		{34716C50-B3C3-48A0-B785-FB37D8D19574}.Debug|Any CPU.ActiveCfg = Debug|Any CPU
		{34716C50-B3C3-48A0-B785-FB37D8D19574}.Debug|Any CPU.Build.0 = Debug|Any CPU
		{34716C50-B3C3-48A0-B785-FB37D8D19574}.Release|Any CPU.ActiveCfg = Release|Any CPU
		{34716C50-B3C3-48A0-B785-FB37D8D19574}.Release|Any CPU.Build.0 = Release|Any CPU
		{D9CF06F0-7C09-4FA2-97DE-0AF0EB8AEC6C}.Debug|Any CPU.ActiveCfg = Debug|Any CPU
		{D9CF06F0-7C09-4FA2-97DE-0AF0EB8AEC6C}.Debug|Any CPU.Build.0 = Debug|Any CPU
		{D9CF06F0-7C09-4FA2-97DE-0AF0EB8AEC6C}.Release|Any CPU.ActiveCfg = Release|Any CPU
		{D9CF06F0-7C09-4FA2-97DE-0AF0EB8AEC6C}.Release|Any CPU.Build.0 = Release|Any CPU
		{A3578AE4-534D-41BE-9973-EBACEFE08704}.Debug|Any CPU.ActiveCfg = Debug|Any CPU
		{A3578AE4-534D-41BE-9973-EBACEFE08704}.Debug|Any CPU.Build.0 = Debug|Any CPU
		{A3578AE4-534D-41BE-9973-EBACEFE08704}.Release|Any CPU.ActiveCfg = Release|Any CPU
		{A3578AE4-534D-41BE-9973-EBACEFE08704}.Release|Any CPU.Build.0 = Release|Any CPU
		{14EDE748-7E14-46AC-8F2C-156FD418B2A2}.Debug|Any CPU.ActiveCfg = Debug|Any CPU
		{14EDE748-7E14-46AC-8F2C-156FD418B2A2}.Debug|Any CPU.Build.0 = Debug|Any CPU
		{14EDE748-7E14-46AC-8F2C-156FD418B2A2}.Release|Any CPU.ActiveCfg = Release|Any CPU
		{14EDE748-7E14-46AC-8F2C-156FD418B2A2}.Release|Any CPU.Build.0 = Release|Any CPU
		{727E3715-124C-4180-826D-8CA06F31201A}.Debug|Any CPU.ActiveCfg = Debug|Any CPU
		{727E3715-124C-4180-826D-8CA06F31201A}.Debug|Any CPU.Build.0 = Debug|Any CPU
		{727E3715-124C-4180-826D-8CA06F31201A}.Release|Any CPU.ActiveCfg = Release|Any CPU
		{727E3715-124C-4180-826D-8CA06F31201A}.Release|Any CPU.Build.0 = Release|Any CPU
		{17C0D85D-FE89-487B-B40E-8CFED1776043}.Debug|Any CPU.ActiveCfg = Debug|Any CPU
		{17C0D85D-FE89-487B-B40E-8CFED1776043}.Debug|Any CPU.Build.0 = Debug|Any CPU
		{17C0D85D-FE89-487B-B40E-8CFED1776043}.Release|Any CPU.ActiveCfg = Release|Any CPU
		{17C0D85D-FE89-487B-B40E-8CFED1776043}.Release|Any CPU.Build.0 = Release|Any CPU
		{98BD1DA7-D332-47A0-9BBC-95972C92BCC5}.Debug|Any CPU.ActiveCfg = Debug|Any CPU
		{98BD1DA7-D332-47A0-9BBC-95972C92BCC5}.Debug|Any CPU.Build.0 = Debug|Any CPU
		{98BD1DA7-D332-47A0-9BBC-95972C92BCC5}.Release|Any CPU.ActiveCfg = Release|Any CPU
		{98BD1DA7-D332-47A0-9BBC-95972C92BCC5}.Release|Any CPU.Build.0 = Release|Any CPU
		{77E8851B-FCF1-4268-ABBD-D9685FE867ED}.Debug|Any CPU.ActiveCfg = Debug|Any CPU
		{77E8851B-FCF1-4268-ABBD-D9685FE867ED}.Debug|Any CPU.Build.0 = Debug|Any CPU
		{77E8851B-FCF1-4268-ABBD-D9685FE867ED}.Release|Any CPU.ActiveCfg = Release|Any CPU
		{77E8851B-FCF1-4268-ABBD-D9685FE867ED}.Release|Any CPU.Build.0 = Release|Any CPU
		{0E1F7361-0184-45D8-A228-FA909A40307A}.Debug|Any CPU.ActiveCfg = Debug|Any CPU
		{0E1F7361-0184-45D8-A228-FA909A40307A}.Debug|Any CPU.Build.0 = Debug|Any CPU
		{0E1F7361-0184-45D8-A228-FA909A40307A}.Release|Any CPU.ActiveCfg = Release|Any CPU
		{0E1F7361-0184-45D8-A228-FA909A40307A}.Release|Any CPU.Build.0 = Release|Any CPU
		{5E6ED40C-B1D2-426C-ADC9-0DB30D1955F8}.Debug|Any CPU.ActiveCfg = Debug|Any CPU
		{5E6ED40C-B1D2-426C-ADC9-0DB30D1955F8}.Debug|Any CPU.Build.0 = Debug|Any CPU
		{5E6ED40C-B1D2-426C-ADC9-0DB30D1955F8}.Release|Any CPU.ActiveCfg = Release|Any CPU
		{5E6ED40C-B1D2-426C-ADC9-0DB30D1955F8}.Release|Any CPU.Build.0 = Release|Any CPU
		{326892F9-2B84-412F-B87E-12754F331DCD}.Debug|Any CPU.ActiveCfg = Debug|Any CPU
		{326892F9-2B84-412F-B87E-12754F331DCD}.Debug|Any CPU.Build.0 = Debug|Any CPU
		{326892F9-2B84-412F-B87E-12754F331DCD}.Release|Any CPU.ActiveCfg = Release|Any CPU
		{326892F9-2B84-412F-B87E-12754F331DCD}.Release|Any CPU.Build.0 = Release|Any CPU
		{5F32A571-062A-43E1-BC41-B7D80F5DD4F9}.Debug|Any CPU.ActiveCfg = Debug|Any CPU
		{5F32A571-062A-43E1-BC41-B7D80F5DD4F9}.Debug|Any CPU.Build.0 = Debug|Any CPU
		{5F32A571-062A-43E1-BC41-B7D80F5DD4F9}.Release|Any CPU.ActiveCfg = Release|Any CPU
		{5F32A571-062A-43E1-BC41-B7D80F5DD4F9}.Release|Any CPU.Build.0 = Release|Any CPU
		{78FE06C8-81A1-4FAE-ABCD-A99ABA3CFB4F}.Debug|Any CPU.ActiveCfg = Debug|Any CPU
		{78FE06C8-81A1-4FAE-ABCD-A99ABA3CFB4F}.Debug|Any CPU.Build.0 = Debug|Any CPU
		{78FE06C8-81A1-4FAE-ABCD-A99ABA3CFB4F}.Release|Any CPU.ActiveCfg = Release|Any CPU
		{78FE06C8-81A1-4FAE-ABCD-A99ABA3CFB4F}.Release|Any CPU.Build.0 = Release|Any CPU
		{CA7471EA-9521-4139-93B3-EA557BAEF961}.Debug|Any CPU.ActiveCfg = Debug|Any CPU
		{CA7471EA-9521-4139-93B3-EA557BAEF961}.Debug|Any CPU.Build.0 = Debug|Any CPU
		{CA7471EA-9521-4139-93B3-EA557BAEF961}.Release|Any CPU.ActiveCfg = Release|Any CPU
		{CA7471EA-9521-4139-93B3-EA557BAEF961}.Release|Any CPU.Build.0 = Release|Any CPU
		{4F959D21-1C05-431B-B184-B4EF25ECAC2E}.Debug|Any CPU.ActiveCfg = Debug|Any CPU
		{4F959D21-1C05-431B-B184-B4EF25ECAC2E}.Debug|Any CPU.Build.0 = Debug|Any CPU
		{4F959D21-1C05-431B-B184-B4EF25ECAC2E}.Release|Any CPU.ActiveCfg = Release|Any CPU
		{4F959D21-1C05-431B-B184-B4EF25ECAC2E}.Release|Any CPU.Build.0 = Release|Any CPU
		{7D05FBAB-022A-4C54-A15E-E9787694BFC2}.Debug|Any CPU.ActiveCfg = Debug|Any CPU
		{7D05FBAB-022A-4C54-A15E-E9787694BFC2}.Debug|Any CPU.Build.0 = Debug|Any CPU
		{7D05FBAB-022A-4C54-A15E-E9787694BFC2}.Release|Any CPU.ActiveCfg = Release|Any CPU
		{7D05FBAB-022A-4C54-A15E-E9787694BFC2}.Release|Any CPU.Build.0 = Release|Any CPU
		{E71FA738-6516-4653-97BB-37721555A69E}.Debug|Any CPU.ActiveCfg = Debug|Any CPU
		{E71FA738-6516-4653-97BB-37721555A69E}.Debug|Any CPU.Build.0 = Debug|Any CPU
		{E71FA738-6516-4653-97BB-37721555A69E}.Release|Any CPU.ActiveCfg = Release|Any CPU
		{E71FA738-6516-4653-97BB-37721555A69E}.Release|Any CPU.Build.0 = Release|Any CPU
	EndGlobalSection
	GlobalSection(SolutionProperties) = preSolution
		HideSolutionNode = FALSE
	EndGlobalSection
	GlobalSection(NestedProjects) = preSolution
		{34716C50-B3C3-48A0-B785-FB37D8D19574} = {29618B3B-FEE0-49BC-9FB9-5BD69C2C9C48}
		{D9CF06F0-7C09-4FA2-97DE-0AF0EB8AEC6C} = {29618B3B-FEE0-49BC-9FB9-5BD69C2C9C48}
		{A3578AE4-534D-41BE-9973-EBACEFE08704} = {29618B3B-FEE0-49BC-9FB9-5BD69C2C9C48}
		{14EDE748-7E14-46AC-8F2C-156FD418B2A2} = {29618B3B-FEE0-49BC-9FB9-5BD69C2C9C48}
		{727E3715-124C-4180-826D-8CA06F31201A} = {29618B3B-FEE0-49BC-9FB9-5BD69C2C9C48}
		{17C0D85D-FE89-487B-B40E-8CFED1776043} = {9D352F61-64B1-448A-885D-BF1721DD2A05}
		{98BD1DA7-D332-47A0-9BBC-95972C92BCC5} = {9D352F61-64B1-448A-885D-BF1721DD2A05}
		{77E8851B-FCF1-4268-ABBD-D9685FE867ED} = {86E51B74-A272-4D9C-83AB-A3214082AB4E}
		{0E1F7361-0184-45D8-A228-FA909A40307A} = {29618B3B-FEE0-49BC-9FB9-5BD69C2C9C48}
		{5E6ED40C-B1D2-426C-ADC9-0DB30D1955F8} = {EB1E7341-4712-45EA-9CD4-4BBB55804470}
		{5F32A571-062A-43E1-BC41-B7D80F5DD4F9} = {02EA681E-C7D8-13C7-8484-4AC65E1B71E8}
		{78FE06C8-81A1-4FAE-ABCD-A99ABA3CFB4F} = {02EA681E-C7D8-13C7-8484-4AC65E1B71E8}
		{CA7471EA-9521-4139-93B3-EA557BAEF961} = {29618B3B-FEE0-49BC-9FB9-5BD69C2C9C48}
		{4F959D21-1C05-431B-B184-B4EF25ECAC2E} = {89F12840-F856-49E5-9FD5-6922E59FCE94}
		{7D05FBAB-022A-4C54-A15E-E9787694BFC2} = {A9659C3A-3DD1-497D-A05D-AF30C52D451F}
		{E71FA738-6516-4653-97BB-37721555A69E} = {A9659C3A-3DD1-497D-A05D-AF30C52D451F}
	EndGlobalSection
	GlobalSection(ExtensibilityGlobals) = postSolution
		SolutionGuid = {4D4D4EB1-E76C-4D87-B0F4-9C9D7CD681AF}
	EndGlobalSection
EndGlobal
